// !$*UTF8*$!
{
	archiveVersion = 1;
	classes = {
	};
	objectVersion = 46;
	objects = {

/* Begin PBXBuildFile section */
		28B675FE4C2E2B6E7D4F9E61 /* Pods_EarlGreySnapshots_Tests.framework in Frameworks */ = {isa = PBXBuildFile; fileRef = AE4A1F933B66B668C52D05C0 /* Pods_EarlGreySnapshots_Tests.framework */; };
		4E4C00D01F6E604C0016C651 /* ImagesDirectoryProviderTests.swift in Sources */ = {isa = PBXBuildFile; fileRef = 4E4C00CF1F6E604C0016C651 /* ImagesDirectoryProviderTests.swift */; };
		4E4C00D21F6E66CE0016C651 /* ImagesDirectoryProviderStub.swift in Sources */ = {isa = PBXBuildFile; fileRef = 4E4C00D11F6E66CE0016C651 /* ImagesDirectoryProviderStub.swift */; };
		4E6E642F1F700631001DCE28 /* SnapshotControllerInfo+TestData.swift in Sources */ = {isa = PBXBuildFile; fileRef = 4E6E642E1F700631001DCE28 /* SnapshotControllerInfo+TestData.swift */; };
		4EB29DFE1F6D04FD009414C1 /* BundleNameProviderTests.swift in Sources */ = {isa = PBXBuildFile; fileRef = 4EB29DFD1F6D04FD009414C1 /* BundleNameProviderTests.swift */; };
		4EB29E011F6D0754009414C1 /* BundleStub.swift in Sources */ = {isa = PBXBuildFile; fileRef = 4EB29E001F6D0754009414C1 /* BundleStub.swift */; };
		4EB29E051F6D1514009414C1 /* Bundle+TestBundle.swift in Sources */ = {isa = PBXBuildFile; fileRef = 4EB29E041F6D1514009414C1 /* Bundle+TestBundle.swift */; };
		6F892B7C62344DF1D0987194 /* EarlGrey.framework in EarlGrey Copy Files */ = {isa = PBXBuildFile; fileRef = F477714251D07FBC0BB17924 /* EarlGrey.framework */; settings = {ATTRIBUTES = (CodeSignOnCopy, ); }; };
		8CA178C31ECEE90B005C5187 /* TestNameParserTests.swift in Sources */ = {isa = PBXBuildFile; fileRef = 8CA178C21ECEE90B005C5187 /* TestNameParserTests.swift */; };
		8CA178CC1ECEF1D7005C5187 /* SnapshotActionTests.swift in Sources */ = {isa = PBXBuildFile; fileRef = 8CA178CB1ECEF1D7005C5187 /* SnapshotActionTests.swift */; };
		8CA178D01ECEF42F005C5187 /* SnapshotControllerFactoryTests.swift in Sources */ = {isa = PBXBuildFile; fileRef = 8CA178CF1ECEF42F005C5187 /* SnapshotControllerFactoryTests.swift */; };
		8CA178D51ECEFC92005C5187 /* SnapshotControllerMock.swift in Sources */ = {isa = PBXBuildFile; fileRef = 8CA178D41ECEFC92005C5187 /* SnapshotControllerMock.swift */; };
		8CA178D71ECEFCBC005C5187 /* SnapshotControllerFactoryMock.swift in Sources */ = {isa = PBXBuildFile; fileRef = 8CA178D61ECEFCBC005C5187 /* SnapshotControllerFactoryMock.swift */; };
		8CA178E31ECF0E2F005C5187 /* EarlGreySnapshotErrorTests.swift in Sources */ = {isa = PBXBuildFile; fileRef = 8CA178E21ECF0E2F005C5187 /* EarlGreySnapshotErrorTests.swift */; };
		9E4F9AC23E811C202FEEDCBA /* EarlGrey.framework in Frameworks */ = {isa = PBXBuildFile; fileRef = F477714251D07FBC0BB17924 /* EarlGrey.framework */; };
		C9D3067BB5699DDF6162D081 /* EarlGrey.swift in Sources */ = {isa = PBXBuildFile; fileRef = B837D38416539EBAA783427A /* EarlGrey.swift */; };
/* End PBXBuildFile section */

/* Begin PBXCopyFilesBuildPhase section */
		09BECF9085008BB9EE98CBBA /* EarlGrey Copy Files */ = {
			isa = PBXCopyFilesBuildPhase;
			buildActionMask = 2147483647;
			dstPath = "$(TEST_HOST)/../";
			dstSubfolderSpec = 0;
			files = (
				6F892B7C62344DF1D0987194 /* EarlGrey.framework in EarlGrey Copy Files */,
			);
			name = "EarlGrey Copy Files";
			runOnlyForDeploymentPostprocessing = 0;
		};
/* End PBXCopyFilesBuildPhase section */

/* Begin PBXFileReference section */
		312685EDB7169AC8980A968C /* Pods-EarlGreySnapshots_Tests.release.xcconfig */ = {isa = PBXFileReference; includeInIndex = 1; lastKnownFileType = text.xcconfig; name = "Pods-EarlGreySnapshots_Tests.release.xcconfig"; path = "Pods/Target Support Files/Pods-EarlGreySnapshots_Tests/Pods-EarlGreySnapshots_Tests.release.xcconfig"; sourceTree = "<group>"; };
		4E4C00CF1F6E604C0016C651 /* ImagesDirectoryProviderTests.swift */ = {isa = PBXFileReference; lastKnownFileType = sourcecode.swift; path = ImagesDirectoryProviderTests.swift; sourceTree = "<group>"; };
		4E4C00D11F6E66CE0016C651 /* ImagesDirectoryProviderStub.swift */ = {isa = PBXFileReference; lastKnownFileType = sourcecode.swift; path = ImagesDirectoryProviderStub.swift; sourceTree = "<group>"; };
		4E6E642E1F700631001DCE28 /* SnapshotControllerInfo+TestData.swift */ = {isa = PBXFileReference; lastKnownFileType = sourcecode.swift; path = "SnapshotControllerInfo+TestData.swift"; sourceTree = "<group>"; };
		4EB29DFD1F6D04FD009414C1 /* BundleNameProviderTests.swift */ = {isa = PBXFileReference; lastKnownFileType = sourcecode.swift; path = BundleNameProviderTests.swift; sourceTree = "<group>"; };
		4EB29E001F6D0754009414C1 /* BundleStub.swift */ = {isa = PBXFileReference; lastKnownFileType = sourcecode.swift; path = BundleStub.swift; sourceTree = "<group>"; };
		4EB29E041F6D1514009414C1 /* Bundle+TestBundle.swift */ = {isa = PBXFileReference; lastKnownFileType = sourcecode.swift; path = "Bundle+TestBundle.swift"; sourceTree = "<group>"; };
		5137F413DBCA365CA8F79E67 /* Pods-EarlGreySnapshots_Tests.debug.xcconfig */ = {isa = PBXFileReference; includeInIndex = 1; lastKnownFileType = text.xcconfig; name = "Pods-EarlGreySnapshots_Tests.debug.xcconfig"; path = "Pods/Target Support Files/Pods-EarlGreySnapshots_Tests/Pods-EarlGreySnapshots_Tests.debug.xcconfig"; sourceTree = "<group>"; };
		607FACE51AFB9204008FA782 /* EarlGreySnapshots_Tests.xctest */ = {isa = PBXFileReference; explicitFileType = wrapper.cfbundle; includeInIndex = 0; path = EarlGreySnapshots_Tests.xctest; sourceTree = BUILT_PRODUCTS_DIR; };
		607FACEA1AFB9204008FA782 /* Info.plist */ = {isa = PBXFileReference; lastKnownFileType = text.plist.xml; path = Info.plist; sourceTree = "<group>"; };
		7FE7A7ECBF4851B44176A4EF /* EarlGrey.framework */ = {isa = PBXFileReference; lastKnownFileType = wrapper.framework; name = EarlGrey.framework; path = Pods/EarlGrey/EarlGrey/EarlGrey.framework; sourceTree = SOURCE_ROOT; };
		8CA178C21ECEE90B005C5187 /* TestNameParserTests.swift */ = {isa = PBXFileReference; fileEncoding = 4; lastKnownFileType = sourcecode.swift; path = TestNameParserTests.swift; sourceTree = "<group>"; };
		8CA178CB1ECEF1D7005C5187 /* SnapshotActionTests.swift */ = {isa = PBXFileReference; fileEncoding = 4; lastKnownFileType = sourcecode.swift; path = SnapshotActionTests.swift; sourceTree = "<group>"; };
		8CA178CF1ECEF42F005C5187 /* SnapshotControllerFactoryTests.swift */ = {isa = PBXFileReference; fileEncoding = 4; lastKnownFileType = sourcecode.swift; path = SnapshotControllerFactoryTests.swift; sourceTree = "<group>"; };
		8CA178D41ECEFC92005C5187 /* SnapshotControllerMock.swift */ = {isa = PBXFileReference; fileEncoding = 4; lastKnownFileType = sourcecode.swift; path = SnapshotControllerMock.swift; sourceTree = "<group>"; };
		8CA178D61ECEFCBC005C5187 /* SnapshotControllerFactoryMock.swift */ = {isa = PBXFileReference; fileEncoding = 4; lastKnownFileType = sourcecode.swift; path = SnapshotControllerFactoryMock.swift; sourceTree = "<group>"; };
		8CA178E21ECF0E2F005C5187 /* EarlGreySnapshotErrorTests.swift */ = {isa = PBXFileReference; fileEncoding = 4; lastKnownFileType = sourcecode.swift; path = EarlGreySnapshotErrorTests.swift; sourceTree = "<group>"; };
		AE4A1F933B66B668C52D05C0 /* Pods_EarlGreySnapshots_Tests.framework */ = {isa = PBXFileReference; explicitFileType = wrapper.framework; includeInIndex = 0; path = Pods_EarlGreySnapshots_Tests.framework; sourceTree = BUILT_PRODUCTS_DIR; };
		B50FC18FD08C93B5369A9B6F /* README.md */ = {isa = PBXFileReference; includeInIndex = 1; lastKnownFileType = net.daringfireball.markdown; name = README.md; path = ../../README.md; sourceTree = "<group>"; };
		B837D38416539EBAA783427A /* EarlGrey.swift */ = {isa = PBXFileReference; includeInIndex = 1; lastKnownFileType = sourcecode.swift; path = EarlGrey.swift; sourceTree = "<group>"; };
		C012EBB5D2BB9C4E98FF7169 /* EarlGreySnapshots.podspec */ = {isa = PBXFileReference; includeInIndex = 1; lastKnownFileType = text; name = EarlGreySnapshots.podspec; path = ../../EarlGreySnapshots.podspec; sourceTree = "<group>"; };
		C302E045887509D7CDB71378 /* LICENSE */ = {isa = PBXFileReference; includeInIndex = 1; lastKnownFileType = text; name = LICENSE; path = ../../LICENSE; sourceTree = "<group>"; };
		F477714251D07FBC0BB17924 /* EarlGrey.framework */ = {isa = PBXFileReference; lastKnownFileType = wrapper.framework; name = EarlGrey.framework; path = "${SRCROOT}/Pods/EarlGrey/EarlGrey/EarlGrey.framework"; sourceTree = SRCROOT; };
/* End PBXFileReference section */

/* Begin PBXFrameworksBuildPhase section */
		607FACE21AFB9204008FA782 /* Frameworks */ = {
			isa = PBXFrameworksBuildPhase;
			buildActionMask = 2147483647;
			files = (
				28B675FE4C2E2B6E7D4F9E61 /* Pods_EarlGreySnapshots_Tests.framework in Frameworks */,
				9E4F9AC23E811C202FEEDCBA /* EarlGrey.framework in Frameworks */,
			);
			runOnlyForDeploymentPostprocessing = 0;
		};
/* End PBXFrameworksBuildPhase section */

/* Begin PBXGroup section */
		300B67493E0FF712A7F941FB /* Pods */ = {
			isa = PBXGroup;
			children = (
				5137F413DBCA365CA8F79E67 /* Pods-EarlGreySnapshots_Tests.debug.xcconfig */,
				312685EDB7169AC8980A968C /* Pods-EarlGreySnapshots_Tests.release.xcconfig */,
			);
			name = Pods;
			sourceTree = "<group>";
		};
		4E6E642D1F700625001DCE28 /* Data */ = {
			isa = PBXGroup;
			children = (
				4E6E642E1F700631001DCE28 /* SnapshotControllerInfo+TestData.swift */,
			);
			path = Data;
			sourceTree = "<group>";
		};
		4EB29DFF1F6D0742009414C1 /* Stubs */ = {
			isa = PBXGroup;
			children = (
				4EB29E001F6D0754009414C1 /* BundleStub.swift */,
				4E4C00D11F6E66CE0016C651 /* ImagesDirectoryProviderStub.swift */,
			);
			path = Stubs;
			sourceTree = "<group>";
		};
		607FACC71AFB9204008FA782 = {
			isa = PBXGroup;
			children = (
				607FACE81AFB9204008FA782 /* EarlGreySnapshots_Tests */,
				AD38C6BD651195CE816AB092 /* Frameworks */,
				300B67493E0FF712A7F941FB /* Pods */,
				607FACF51AFB993E008FA782 /* Podspec Metadata */,
				607FACD11AFB9204008FA782 /* Products */,
			);
			sourceTree = "<group>";
		};
		607FACD11AFB9204008FA782 /* Products */ = {
			isa = PBXGroup;
			children = (
				607FACE51AFB9204008FA782 /* EarlGreySnapshots_Tests.xctest */,
				F477714251D07FBC0BB17924 /* EarlGrey.framework */,
			);
			name = Products;
			sourceTree = "<group>";
		};
		607FACE81AFB9204008FA782 /* EarlGreySnapshots_Tests */ = {
			isa = PBXGroup;
			children = (
				4E6E642D1F700625001DCE28 /* Data */,
				8CA178D31ECEFC1B005C5187 /* Mocks */,
				4EB29DFF1F6D0742009414C1 /* Stubs */,
				607FACE91AFB9204008FA782 /* Supporting Files */,
				4EB29E041F6D1514009414C1 /* Bundle+TestBundle.swift */,
				4EB29DFD1F6D04FD009414C1 /* BundleNameProviderTests.swift */,
				B837D38416539EBAA783427A /* EarlGrey.swift */,
				8CA178E21ECF0E2F005C5187 /* EarlGreySnapshotErrorTests.swift */,
				4E4C00CF1F6E604C0016C651 /* ImagesDirectoryProviderTests.swift */,
				8CA178CB1ECEF1D7005C5187 /* SnapshotActionTests.swift */,
				8CA178CF1ECEF42F005C5187 /* SnapshotControllerFactoryTests.swift */,
				8CA178C21ECEE90B005C5187 /* TestNameParserTests.swift */,
			);
			path = EarlGreySnapshots_Tests;
			sourceTree = "<group>";
		};
		607FACE91AFB9204008FA782 /* Supporting Files */ = {
			isa = PBXGroup;
			children = (
				607FACEA1AFB9204008FA782 /* Info.plist */,
			);
			path = "Supporting Files";
			sourceTree = "<group>";
		};
		607FACF51AFB993E008FA782 /* Podspec Metadata */ = {
			isa = PBXGroup;
			children = (
				C012EBB5D2BB9C4E98FF7169 /* EarlGreySnapshots.podspec */,
				C302E045887509D7CDB71378 /* LICENSE */,
				B50FC18FD08C93B5369A9B6F /* README.md */,
			);
			path = "Podspec Metadata";
			sourceTree = "<group>";
		};
		8CA178D31ECEFC1B005C5187 /* Mocks */ = {
			isa = PBXGroup;
			children = (
				8CA178D61ECEFCBC005C5187 /* SnapshotControllerFactoryMock.swift */,
				8CA178D41ECEFC92005C5187 /* SnapshotControllerMock.swift */,
			);
			path = Mocks;
			sourceTree = "<group>";
		};
		AD38C6BD651195CE816AB092 /* Frameworks */ = {
			isa = PBXGroup;
			children = (
				AE4A1F933B66B668C52D05C0 /* Pods_EarlGreySnapshots_Tests.framework */,
				7FE7A7ECBF4851B44176A4EF /* EarlGrey.framework */,
			);
			name = Frameworks;
			sourceTree = "<group>";
		};
/* End PBXGroup section */

/* Begin PBXNativeTarget section */
		607FACE41AFB9204008FA782 /* EarlGreySnapshots_Tests */ = {
			isa = PBXNativeTarget;
			buildConfigurationList = 607FACF21AFB9204008FA782 /* Build configuration list for PBXNativeTarget "EarlGreySnapshots_Tests" */;
			buildPhases = (
				51EAFDDFCB91DC2BCCC80BCC /* [CP] Check Pods Manifest.lock */,
				607FACE11AFB9204008FA782 /* Sources */,
				4E6E64301F700944001DCE28 /* SwiftLint */,
				607FACE21AFB9204008FA782 /* Frameworks */,
				607FACE31AFB9204008FA782 /* Resources */,
				997AC0FC61DC8002F83BC4B5 /* [CP] Embed Pods Frameworks */,
				C2B018C706FF70A2DEA0013A /* [CP] Copy Pods Resources */,
				09BECF9085008BB9EE98CBBA /* EarlGrey Copy Files */,
			);
			buildRules = (
			);
			dependencies = (
			);
			name = EarlGreySnapshots_Tests;
			productName = Tests;
			productReference = 607FACE51AFB9204008FA782 /* EarlGreySnapshots_Tests.xctest */;
			productType = "com.apple.product-type.bundle.unit-test";
		};
/* End PBXNativeTarget section */

/* Begin PBXProject section */
		607FACC81AFB9204008FA782 /* Project object */ = {
			isa = PBXProject;
			attributes = {
				LastSwiftUpdateCheck = 0720;
				LastUpgradeCheck = 0900;
				ORGANIZATIONNAME = "EL Passion";
				TargetAttributes = {
					607FACE41AFB9204008FA782 = {
						CreatedOnToolsVersion = 6.3.1;
						LastSwiftMigration = 0900;
						TestTargetID = 607FACCF1AFB9204008FA782;
					};
				};
			};
			buildConfigurationList = 607FACCB1AFB9204008FA782 /* Build configuration list for PBXProject "EarlGreySnapshots" */;
			compatibilityVersion = "Xcode 3.2";
			developmentRegion = English;
			hasScannedForEncodings = 0;
			knownRegions = (
				en,
				Base,
			);
			mainGroup = 607FACC71AFB9204008FA782;
			productRefGroup = 607FACD11AFB9204008FA782 /* Products */;
			projectDirPath = "";
			projectRoot = "";
			targets = (
				607FACE41AFB9204008FA782 /* EarlGreySnapshots_Tests */,
			);
		};
/* End PBXProject section */

/* Begin PBXResourcesBuildPhase section */
		607FACE31AFB9204008FA782 /* Resources */ = {
			isa = PBXResourcesBuildPhase;
			buildActionMask = 2147483647;
			files = (
			);
			runOnlyForDeploymentPostprocessing = 0;
		};
/* End PBXResourcesBuildPhase section */

/* Begin PBXShellScriptBuildPhase section */
		4E6E64301F700944001DCE28 /* SwiftLint */ = {
			isa = PBXShellScriptBuildPhase;
			buildActionMask = 2147483647;
			files = (
			);
			inputPaths = (
			);
			name = SwiftLint;
			outputPaths = (
			);
			runOnlyForDeploymentPostprocessing = 0;
			shellPath = /bin/sh;
			shellScript = "cd EarlGreySnapshots_Tests; ${PODS_ROOT}/SwiftLint/swiftlint\ncd ../../EarlGreySnapshots/; ${PODS_ROOT}/SwiftLint/swiftlint";
		};
		51EAFDDFCB91DC2BCCC80BCC /* [CP] Check Pods Manifest.lock */ = {
			isa = PBXShellScriptBuildPhase;
			buildActionMask = 2147483647;
			files = (
			);
			inputPaths = (
				"${PODS_PODFILE_DIR_PATH}/Podfile.lock",
				"${PODS_ROOT}/Manifest.lock",
			);
			name = "[CP] Check Pods Manifest.lock";
			outputPaths = (
				"$(DERIVED_FILE_DIR)/Pods-EarlGreySnapshots_Tests-checkManifestLockResult.txt",
			);
			runOnlyForDeploymentPostprocessing = 0;
			shellPath = /bin/sh;
			shellScript = "diff \"${PODS_PODFILE_DIR_PATH}/Podfile.lock\" \"${PODS_ROOT}/Manifest.lock\" > /dev/null\nif [ $? != 0 ] ; then\n    # print error to STDERR\n    echo \"error: The sandbox is not in sync with the Podfile.lock. Run 'pod install' or update your CocoaPods installation.\" >&2\n    exit 1\nfi\n# This output is used by Xcode 'outputs' to avoid re-running this script phase.\necho \"SUCCESS\" > \"${SCRIPT_OUTPUT_FILE_0}\"\n";
			showEnvVarsInLog = 0;
		};
		997AC0FC61DC8002F83BC4B5 /* [CP] Embed Pods Frameworks */ = {
			isa = PBXShellScriptBuildPhase;
			buildActionMask = 2147483647;
			files = (
			);
			inputPaths = (
				"${SRCROOT}/Pods/Target Support Files/Pods-EarlGreySnapshots_Tests/Pods-EarlGreySnapshots_Tests-frameworks.sh",
				"${PODS_ROOT}/EarlGrey/EarlGrey/EarlGrey.framework",
				"${BUILT_PRODUCTS_DIR}/EarlGreySnapshots/EarlGreySnapshots.framework",
				"${BUILT_PRODUCTS_DIR}/FBSnapshotTestCase/FBSnapshotTestCase.framework",
			);
			name = "[CP] Embed Pods Frameworks";
			outputPaths = (
				"${TARGET_BUILD_DIR}/${FRAMEWORKS_FOLDER_PATH}/EarlGrey.framework",
				"${TARGET_BUILD_DIR}/${FRAMEWORKS_FOLDER_PATH}/EarlGreySnapshots.framework",
				"${TARGET_BUILD_DIR}/${FRAMEWORKS_FOLDER_PATH}/FBSnapshotTestCase.framework",
			);
			runOnlyForDeploymentPostprocessing = 0;
			shellPath = /bin/sh;
			shellScript = "\"${SRCROOT}/Pods/Target Support Files/Pods-EarlGreySnapshots_Tests/Pods-EarlGreySnapshots_Tests-frameworks.sh\"\n";
			showEnvVarsInLog = 0;
		};
		C2B018C706FF70A2DEA0013A /* [CP] Copy Pods Resources */ = {
			isa = PBXShellScriptBuildPhase;
			buildActionMask = 2147483647;
			files = (
			);
			inputPaths = (
			);
			name = "[CP] Copy Pods Resources";
			outputPaths = (
			);
			runOnlyForDeploymentPostprocessing = 0;
			shellPath = /bin/sh;
			shellScript = "\"${SRCROOT}/Pods/Target Support Files/Pods-EarlGreySnapshots_Tests/Pods-EarlGreySnapshots_Tests-resources.sh\"\n";
			showEnvVarsInLog = 0;
		};
/* End PBXShellScriptBuildPhase section */

/* Begin PBXSourcesBuildPhase section */
		607FACE11AFB9204008FA782 /* Sources */ = {
			isa = PBXSourcesBuildPhase;
			buildActionMask = 2147483647;
			files = (
				4EB29E011F6D0754009414C1 /* BundleStub.swift in Sources */,
				4EB29E051F6D1514009414C1 /* Bundle+TestBundle.swift in Sources */,
				8CA178D71ECEFCBC005C5187 /* SnapshotControllerFactoryMock.swift in Sources */,
				4EB29DFE1F6D04FD009414C1 /* BundleNameProviderTests.swift in Sources */,
				4E4C00D01F6E604C0016C651 /* ImagesDirectoryProviderTests.swift in Sources */,
				8CA178CC1ECEF1D7005C5187 /* SnapshotActionTests.swift in Sources */,
				8CA178D51ECEFC92005C5187 /* SnapshotControllerMock.swift in Sources */,
				8CA178C31ECEE90B005C5187 /* TestNameParserTests.swift in Sources */,
				4E4C00D21F6E66CE0016C651 /* ImagesDirectoryProviderStub.swift in Sources */,
				4E6E642F1F700631001DCE28 /* SnapshotControllerInfo+TestData.swift in Sources */,
				8CA178E31ECF0E2F005C5187 /* EarlGreySnapshotErrorTests.swift in Sources */,
				8CA178D01ECEF42F005C5187 /* SnapshotControllerFactoryTests.swift in Sources */,
				C9D3067BB5699DDF6162D081 /* EarlGrey.swift in Sources */,
			);
			runOnlyForDeploymentPostprocessing = 0;
		};
/* End PBXSourcesBuildPhase section */

/* Begin XCBuildConfiguration section */
		607FACED1AFB9204008FA782 /* Debug */ = {
			isa = XCBuildConfiguration;
			buildSettings = {
				ALWAYS_SEARCH_USER_PATHS = NO;
				CLANG_CXX_LANGUAGE_STANDARD = "gnu++0x";
				CLANG_CXX_LIBRARY = "libc++";
				CLANG_ENABLE_MODULES = YES;
				CLANG_ENABLE_OBJC_ARC = YES;
				CLANG_WARN_BLOCK_CAPTURE_AUTORELEASING = YES;
				CLANG_WARN_BOOL_CONVERSION = YES;
				CLANG_WARN_COMMA = YES;
				CLANG_WARN_CONSTANT_CONVERSION = YES;
				CLANG_WARN_DIRECT_OBJC_ISA_USAGE = YES_ERROR;
				CLANG_WARN_EMPTY_BODY = YES;
				CLANG_WARN_ENUM_CONVERSION = YES;
				CLANG_WARN_INFINITE_RECURSION = YES;
				CLANG_WARN_INT_CONVERSION = YES;
				CLANG_WARN_NON_LITERAL_NULL_CONVERSION = YES;
				CLANG_WARN_OBJC_LITERAL_CONVERSION = YES;
				CLANG_WARN_OBJC_ROOT_CLASS = YES_ERROR;
				CLANG_WARN_RANGE_LOOP_ANALYSIS = YES;
				CLANG_WARN_STRICT_PROTOTYPES = YES;
				CLANG_WARN_SUSPICIOUS_MOVE = YES;
				CLANG_WARN_UNREACHABLE_CODE = YES;
				CLANG_WARN__DUPLICATE_METHOD_MATCH = YES;
				"CODE_SIGN_IDENTITY[sdk=iphoneos*]" = "iPhone Developer";
				COPY_PHASE_STRIP = NO;
				DEBUG_INFORMATION_FORMAT = "dwarf-with-dsym";
				ENABLE_STRICT_OBJC_MSGSEND = YES;
				ENABLE_TESTABILITY = YES;
				GCC_C_LANGUAGE_STANDARD = gnu99;
				GCC_DYNAMIC_NO_PIC = NO;
				GCC_NO_COMMON_BLOCKS = YES;
				GCC_OPTIMIZATION_LEVEL = 0;
				GCC_PREPROCESSOR_DEFINITIONS = (
					"DEBUG=1",
					"$(inherited)",
				);
				GCC_SYMBOLS_PRIVATE_EXTERN = NO;
				GCC_WARN_64_TO_32_BIT_CONVERSION = YES;
				GCC_WARN_ABOUT_RETURN_TYPE = YES_ERROR;
				GCC_WARN_UNDECLARED_SELECTOR = YES;
				GCC_WARN_UNINITIALIZED_AUTOS = YES_AGGRESSIVE;
				GCC_WARN_UNUSED_FUNCTION = YES;
				GCC_WARN_UNUSED_VARIABLE = YES;
				IPHONEOS_DEPLOYMENT_TARGET = 9.0;
				MTL_ENABLE_DEBUG_INFO = YES;
				ONLY_ACTIVE_ARCH = YES;
				SDKROOT = iphoneos;
				SWIFT_OPTIMIZATION_LEVEL = "-Onone";
			};
			name = Debug;
		};
		607FACEE1AFB9204008FA782 /* Release */ = {
			isa = XCBuildConfiguration;
			buildSettings = {
				ALWAYS_SEARCH_USER_PATHS = NO;
				CLANG_CXX_LANGUAGE_STANDARD = "gnu++0x";
				CLANG_CXX_LIBRARY = "libc++";
				CLANG_ENABLE_MODULES = YES;
				CLANG_ENABLE_OBJC_ARC = YES;
				CLANG_WARN_BLOCK_CAPTURE_AUTORELEASING = YES;
				CLANG_WARN_BOOL_CONVERSION = YES;
				CLANG_WARN_COMMA = YES;
				CLANG_WARN_CONSTANT_CONVERSION = YES;
				CLANG_WARN_DIRECT_OBJC_ISA_USAGE = YES_ERROR;
				CLANG_WARN_EMPTY_BODY = YES;
				CLANG_WARN_ENUM_CONVERSION = YES;
				CLANG_WARN_INFINITE_RECURSION = YES;
				CLANG_WARN_INT_CONVERSION = YES;
				CLANG_WARN_NON_LITERAL_NULL_CONVERSION = YES;
				CLANG_WARN_OBJC_LITERAL_CONVERSION = YES;
				CLANG_WARN_OBJC_ROOT_CLASS = YES_ERROR;
				CLANG_WARN_RANGE_LOOP_ANALYSIS = YES;
				CLANG_WARN_STRICT_PROTOTYPES = YES;
				CLANG_WARN_SUSPICIOUS_MOVE = YES;
				CLANG_WARN_UNREACHABLE_CODE = YES;
				CLANG_WARN__DUPLICATE_METHOD_MATCH = YES;
				"CODE_SIGN_IDENTITY[sdk=iphoneos*]" = "iPhone Developer";
				COPY_PHASE_STRIP = NO;
				DEBUG_INFORMATION_FORMAT = "dwarf-with-dsym";
				ENABLE_NS_ASSERTIONS = NO;
				ENABLE_STRICT_OBJC_MSGSEND = YES;
				GCC_C_LANGUAGE_STANDARD = gnu99;
				GCC_NO_COMMON_BLOCKS = YES;
				GCC_WARN_64_TO_32_BIT_CONVERSION = YES;
				GCC_WARN_ABOUT_RETURN_TYPE = YES_ERROR;
				GCC_WARN_UNDECLARED_SELECTOR = YES;
				GCC_WARN_UNINITIALIZED_AUTOS = YES_AGGRESSIVE;
				GCC_WARN_UNUSED_FUNCTION = YES;
				GCC_WARN_UNUSED_VARIABLE = YES;
				IPHONEOS_DEPLOYMENT_TARGET = 9.0;
				MTL_ENABLE_DEBUG_INFO = NO;
				SDKROOT = iphoneos;
				SWIFT_OPTIMIZATION_LEVEL = "-Owholemodule";
				VALIDATE_PRODUCT = YES;
			};
			name = Release;
		};
		607FACF31AFB9204008FA782 /* Debug */ = {
			isa = XCBuildConfiguration;
			baseConfigurationReference = 5137F413DBCA365CA8F79E67 /* Pods-EarlGreySnapshots_Tests.debug.xcconfig */;
			buildSettings = {
				GCC_PREPROCESSOR_DEFINITIONS = (
					"DEBUG=1",
					"$(inherited)",
				);
				INFOPLIST_FILE = "EarlGreySnapshots_Tests/Supporting Files/Info.plist";
				LD_RUNPATH_SEARCH_PATHS = "$(inherited) @executable_path/Frameworks @loader_path/Frameworks";
				PRODUCT_BUNDLE_IDENTIFIER = "org.cocoapods.$(PRODUCT_NAME:rfc1034identifier)";
				PRODUCT_NAME = "$(TARGET_NAME)";
				SWIFT_VERSION = 4.0;
			};
			name = Debug;
		};
		607FACF41AFB9204008FA782 /* Release */ = {
			isa = XCBuildConfiguration;
			baseConfigurationReference = 312685EDB7169AC8980A968C /* Pods-EarlGreySnapshots_Tests.release.xcconfig */;
			buildSettings = {
				INFOPLIST_FILE = "EarlGreySnapshots_Tests/Supporting Files/Info.plist";
				LD_RUNPATH_SEARCH_PATHS = "$(inherited) @executable_path/Frameworks @loader_path/Frameworks";
				PRODUCT_BUNDLE_IDENTIFIER = "org.cocoapods.$(PRODUCT_NAME:rfc1034identifier)";
				PRODUCT_NAME = "$(TARGET_NAME)";
				SWIFT_VERSION = 4.0;
			};
			name = Release;
		};
/* End XCBuildConfiguration section */

/* Begin XCConfigurationList section */
		607FACCB1AFB9204008FA782 /* Build configuration list for PBXProject "EarlGreySnapshots" */ = {
			isa = XCConfigurationList;
			buildConfigurations = (
				607FACED1AFB9204008FA782 /* Debug */,
				607FACEE1AFB9204008FA782 /* Release */,
			);
			defaultConfigurationIsVisible = 0;
			defaultConfigurationName = Release;
		};
		607FACF21AFB9204008FA782 /* Build configuration list for PBXNativeTarget "EarlGreySnapshots_Tests" */ = {
			isa = XCConfigurationList;
			buildConfigurations = (
				607FACF31AFB9204008FA782 /* Debug */,
				607FACF41AFB9204008FA782 /* Release */,
			);
			defaultConfigurationIsVisible = 0;
			defaultConfigurationName = Release;
		};
/* End XCConfigurationList section */
	};
	rootObject = 607FACC81AFB9204008FA782 /* Project object */;
}
