PODS:
  - EarlGrey (1.9.2)
  - EarlGreySnapshots (0.1.0):
    - EarlGrey (~> 1.9)
    - FBSnapshotTestCase (~> 2.1)
  - FBSnapshotTestCase (2.1.4):
    - FBSnapshotTestCase/SwiftSupport (= 2.1.4)
  - FBSnapshotTestCase/Core (2.1.4)
  - FBSnapshotTestCase/SwiftSupport (2.1.4):
    - FBSnapshotTestCase/Core

DEPENDENCIES:
  - EarlGreySnapshots (from `../`)

EXTERNAL SOURCES:
  EarlGreySnapshots:
    :path: "../"

SPEC CHECKSUMS:
  EarlGrey: b78a93bd5fddba9a79a8e5ec5ae8a7718453ca40
  EarlGreySnapshots: dd09fb1d6279bcf9f829f3ece498ead01b415d3f
  FBSnapshotTestCase: '094f9f314decbabe373b87cc339bea235a63e07a'

PODFILE CHECKSUM: 4c6722bca84d48480b20a69d219cbdcd5e3b2a46

COCOAPODS: 1.2.1
